
Microsoft Visual Studio Solution File, Format Version 12.00
# Visual Studio Version 16
VisualStudioVersion = 16.0.31025.194
MinimumVisualStudioVersion = 10.0.40219.1
Project("{FAE04EC0-301F-11D3-BF4B-00C04F79EFBC}") = "WebApplication2", "WebApplication2.csproj", "{1AE7969E-CF95-47D0-92EC-C18054272F01}"
EndProject
Global
	GlobalSection(SolutionConfigurationPlatforms) = preSolution
		Debug|Any CPU = Debug|Any CPU
		Release|Any CPU = Release|Any CPU
	EndGlobalSection
	GlobalSection(ProjectConfigurationPlatforms) = postSolution
		{1AE7969E-CF95-47D0-92EC-C18054272F01}.Debug|Any CPU.ActiveCfg = Debug|Any CPU
		{1AE7969E-CF95-47D0-92EC-C18054272F01}.Debug|Any CPU.Build.0 = Debug|Any CPU
		{1AE7969E-CF95-47D0-92EC-C18054272F01}.Release|Any CPU.ActiveCfg = Release|Any CPU
		{1AE7969E-CF95-47D0-92EC-C18054272F01}.Release|Any CPU.Build.0 = Release|Any CPU
	EndGlobalSection
	GlobalSection(SolutionProperties) = preSolution
		HideSolutionNode = FALSE
	EndGlobalSection
	GlobalSection(ExtensibilityGlobals) = postSolution
		SolutionGuid = {4D18CA12-7225-4E7F-864B-80372F9B64EE}
	EndGlobalSection
EndGlobal
